
Microsoft Visual Studio Solution File, Format Version 12.00
# Visual Studio Version 17
VisualStudioVersion = 17.10.35004.147
MinimumVisualStudioVersion = 10.0.40219.1
Project("{9A19103F-16F7-4668-BE54-9A1E7A4F7556}") = "WebApplication1", "WebApplication1\WebApplication1.csproj", "{247988D6-DAC2-4508-9A3A-EE3CA2CA6C9E}"
EndProject
Global
	GlobalSection(SolutionConfigurationPlatforms) = preSolution
		Debug|Any CPU = Debug|Any CPU
		Release|Any CPU = Release|Any CPU
	EndGlobalSection
	GlobalSection(ProjectConfigurationPlatforms) = postSolution
		{247988D6-DAC2-4508-9A3A-EE3CA2CA6C9E}.Debug|Any CPU.ActiveCfg = Debug|Any CPU
		{247988D6-DAC2-4508-9A3A-EE3CA2CA6C9E}.Debug|Any CPU.Build.0 = Debug|Any CPU
		{247988D6-DAC2-4508-9A3A-EE3CA2CA6C9E}.Release|Any CPU.ActiveCfg = Release|Any CPU
		{247988D6-DAC2-4508-9A3A-EE3CA2CA6C9E}.Release|Any CPU.Build.0 = Release|Any CPU
	EndGlobalSection
	GlobalSection(SolutionProperties) = preSolution
		HideSolutionNode = FALSE
	EndGlobalSection
	GlobalSection(ExtensibilityGlobals) = postSolution
		SolutionGuid = {6AC5AAEB-49A9-43A8-8C20-4651E49B5812}
	EndGlobalSection
EndGlobal
